// !$*UTF8*$!
{
	archiveVersion = 1;
	classes = {
	};
	objectVersion = 56;
	objects = {

/* Begin PBXBuildFile section */
		1863355A2A8A0D0B00E283D5 /* DetailVC.swift in Sources */ = {isa = PBXBuildFile; fileRef = 186335592A8A0D0B00E283D5 /* DetailVC.swift */; };
		1863355E2A8A0D1D00E283D5 /* DetailCell.swift in Sources */ = {isa = PBXBuildFile; fileRef = 1863355D2A8A0D1D00E283D5 /* DetailCell.swift */; };
		186335602A8A0D2900E283D5 /* CheckViewModel.swift in Sources */ = {isa = PBXBuildFile; fileRef = 1863355F2A8A0D2900E283D5 /* CheckViewModel.swift */; };
		2143CE362A7904DD00A5DB36 /* OneroomCell.swift in Sources */ = {isa = PBXBuildFile; fileRef = 2143CE352A7904DD00A5DB36 /* OneroomCell.swift */; };
		2143CE382A79051400A5DB36 /* VillaCell.swift in Sources */ = {isa = PBXBuildFile; fileRef = 2143CE372A79051400A5DB36 /* VillaCell.swift */; };
		2158BA532A949B510064AFC4 /* CustomSlider.swift in Sources */ = {isa = PBXBuildFile; fileRef = 2158BA522A949B510064AFC4 /* CustomSlider.swift */; };
		2158BA572A9508160064AFC4 /* CalendarVC.swift in Sources */ = {isa = PBXBuildFile; fileRef = 2158BA562A9508160064AFC4 /* CalendarVC.swift */; };
		2158BA5C2A9632C90064AFC4 /* CheckListUIView.swift in Sources */ = {isa = PBXBuildFile; fileRef = 2158BA5B2A9632C90064AFC4 /* CheckListUIView.swift */; };
		215BDC662A889D7F007151A1 /* CheckList.swift in Sources */ = {isa = PBXBuildFile; fileRef = 215BDC652A889D7F007151A1 /* CheckList.swift */; };
		216FA0A72A8BA5F1004D0279 /* NoticeList.swift in Sources */ = {isa = PBXBuildFile; fileRef = 216FA0A62A8BA5F1004D0279 /* NoticeList.swift */; };
		216FA0A92A8BA5FE004D0279 /* SettingSection.swift in Sources */ = {isa = PBXBuildFile; fileRef = 216FA0A82A8BA5FE004D0279 /* SettingSection.swift */; };
		216FA0AC2A8BA641004D0279 /* AccountSettingCell.swift in Sources */ = {isa = PBXBuildFile; fileRef = 216FA0AB2A8BA641004D0279 /* AccountSettingCell.swift */; };
		216FA0AE2A8BA651004D0279 /* AppVersionCell.swift in Sources */ = {isa = PBXBuildFile; fileRef = 216FA0AD2A8BA651004D0279 /* AppVersionCell.swift */; };
		216FA0B02A8BA65D004D0279 /* LisenseCell.swift in Sources */ = {isa = PBXBuildFile; fileRef = 216FA0AF2A8BA65D004D0279 /* LisenseCell.swift */; };
		216FA0B42A8BA672004D0279 /* NoticeCell.swift in Sources */ = {isa = PBXBuildFile; fileRef = 216FA0B32A8BA672004D0279 /* NoticeCell.swift */; };
		216FA0B62A8BA67C004D0279 /* NoticeListCell.swift in Sources */ = {isa = PBXBuildFile; fileRef = 216FA0B52A8BA67C004D0279 /* NoticeListCell.swift */; };
		216FA0B82A8BA684004D0279 /* OptionCell.swift in Sources */ = {isa = PBXBuildFile; fileRef = 216FA0B72A8BA684004D0279 /* OptionCell.swift */; };
		216FA0BF2A8BA71A004D0279 /* NoticeListVC.swift in Sources */ = {isa = PBXBuildFile; fileRef = 216FA0BE2A8BA71A004D0279 /* NoticeListVC.swift */; };
		216FA0C12A8BA726004D0279 /* SettingVC.swift in Sources */ = {isa = PBXBuildFile; fileRef = 216FA0C02A8BA726004D0279 /* SettingVC.swift */; };
		216FA0C32A8BA739004D0279 /* WithdrawVC.swift in Sources */ = {isa = PBXBuildFile; fileRef = 216FA0C22A8BA739004D0279 /* WithdrawVC.swift */; };
		216FA0C82A8BA7AF004D0279 /* NoticeListViewModel.swift in Sources */ = {isa = PBXBuildFile; fileRef = 216FA0C72A8BA7AF004D0279 /* NoticeListViewModel.swift */; };
		216FA0CA2A8BA7BA004D0279 /* SettingViewModel.swift in Sources */ = {isa = PBXBuildFile; fileRef = 216FA0C92A8BA7BA004D0279 /* SettingViewModel.swift */; };
		217AD4822AA3233F0071D3B7 /* config.xcconfig in Resources */ = {isa = PBXBuildFile; fileRef = 217AD4812AA3233F0071D3B7 /* config.xcconfig */; };
		217C83ED2A76847600363ED2 /* HouseTVCell.swift in Sources */ = {isa = PBXBuildFile; fileRef = 217C83EC2A76847600363ED2 /* HouseTVCell.swift */; };
		217C83F12A76858F00363ED2 /* ApartCell.swift in Sources */ = {isa = PBXBuildFile; fileRef = 217C83F02A76858F00363ED2 /* ApartCell.swift */; };
		218111A32A9AE938009A82C4 /* PopUpVC.swift in Sources */ = {isa = PBXBuildFile; fileRef = 218111A22A9AE938009A82C4 /* PopUpVC.swift */; };
		218111A52A9AECD7009A82C4 /* PopUpView.swift in Sources */ = {isa = PBXBuildFile; fileRef = 218111A42A9AECD7009A82C4 /* PopUpView.swift */; };
		218111AA2A9F50E0009A82C4 /* Protocols.swift in Sources */ = {isa = PBXBuildFile; fileRef = 218111A92A9F50E0009A82C4 /* Protocols.swift */; };
		218ACDE32A75262400687EE6 /* AppDelegate.swift in Sources */ = {isa = PBXBuildFile; fileRef = 218ACDE22A75262400687EE6 /* AppDelegate.swift */; };
		218ACDE52A75262400687EE6 /* SceneDelegate.swift in Sources */ = {isa = PBXBuildFile; fileRef = 218ACDE42A75262400687EE6 /* SceneDelegate.swift */; };
		218ACDE72A75262400687EE6 /* HomeVC.swift in Sources */ = {isa = PBXBuildFile; fileRef = 218ACDE62A75262400687EE6 /* HomeVC.swift */; };
		218ACDEC2A75262500687EE6 /* Assets.xcassets in Resources */ = {isa = PBXBuildFile; fileRef = 218ACDEB2A75262500687EE6 /* Assets.xcassets */; };
		218ACDEF2A75262500687EE6 /* LaunchScreen.storyboard in Resources */ = {isa = PBXBuildFile; fileRef = 218ACDED2A75262500687EE6 /* LaunchScreen.storyboard */; };
		218ACDFD2A752A0C00687EE6 /* House.swift in Sources */ = {isa = PBXBuildFile; fileRef = 218ACDFC2A752A0C00687EE6 /* House.swift */; };
		218ACDFF2A752ABB00687EE6 /* Tabbar.swift in Sources */ = {isa = PBXBuildFile; fileRef = 218ACDFE2A752ABB00687EE6 /* Tabbar.swift */; };
		218ACE092A76312400687EE6 /* MapVC.swift in Sources */ = {isa = PBXBuildFile; fileRef = 218ACE082A76312400687EE6 /* MapVC.swift */; };
		218ACE0B2A763C0800687EE6 /* Extensions.swift in Sources */ = {isa = PBXBuildFile; fileRef = 218ACE0A2A763C0800687EE6 /* Extensions.swift */; };
		218ACE0D2A763C9000687EE6 /* NetworkingManager.swift in Sources */ = {isa = PBXBuildFile; fileRef = 218ACE0C2A763C9000687EE6 /* NetworkingManager.swift */; };
		218ACE0F2A763CBC00687EE6 /* Constants.swift in Sources */ = {isa = PBXBuildFile; fileRef = 218ACE0E2A763CBC00687EE6 /* Constants.swift */; };
		218ACE112A763FA700687EE6 /* HouseViewModel.swift in Sources */ = {isa = PBXBuildFile; fileRef = 218ACE102A763FA700687EE6 /* HouseViewModel.swift */; };
		2192EA9F2A90A4BD006AB5B3 /* CheckVC2.swift in Sources */ = {isa = PBXBuildFile; fileRef = 2192EA9C2A90A4BD006AB5B3 /* CheckVC2.swift */; };
		2192EAA02A90A4BD006AB5B3 /* MyHouseVC.swift in Sources */ = {isa = PBXBuildFile; fileRef = 2192EA9D2A90A4BD006AB5B3 /* MyHouseVC.swift */; };
		2192EAA12A90A4BD006AB5B3 /* CheckVC1.swift in Sources */ = {isa = PBXBuildFile; fileRef = 2192EA9E2A90A4BD006AB5B3 /* CheckVC1.swift */; };
		2192EAA32A947740006AB5B3 /* RateVC.swift in Sources */ = {isa = PBXBuildFile; fileRef = 2192EAA22A947740006AB5B3 /* RateVC.swift */; };
		21B627602A83470A00081D5E /* .swiftlint.yml in Resources */ = {isa = PBXBuildFile; fileRef = 21B6275F2A83470A00081D5E /* .swiftlint.yml */; };
		21B627642A83834900081D5E /* Location.swift in Sources */ = {isa = PBXBuildFile; fileRef = 21B627632A83834900081D5E /* Location.swift */; };
		21B627662A83838600081D5E /* LocationViewModel.swift in Sources */ = {isa = PBXBuildFile; fileRef = 21B627652A83838600081D5E /* LocationViewModel.swift */; };
		21B627682A8383FE00081D5E /* SearchVC.swift in Sources */ = {isa = PBXBuildFile; fileRef = 21B627672A8383FE00081D5E /* SearchVC.swift */; };
		21B6276A2A83841200081D5E /* SearchCell.swift in Sources */ = {isa = PBXBuildFile; fileRef = 21B627692A83841200081D5E /* SearchCell.swift */; };
		21B6276C2A83844400081D5E /* ModalVC.swift in Sources */ = {isa = PBXBuildFile; fileRef = 21B6276B2A83844400081D5E /* ModalVC.swift */; };
		21B6276F2A83A95B00081D5E /* AnnotationView.swift in Sources */ = {isa = PBXBuildFile; fileRef = 21B6276E2A83A95B00081D5E /* AnnotationView.swift */; };
		21F954152A9F78DD00F395B0 /* BookMarkCell.swift in Sources */ = {isa = PBXBuildFile; fileRef = 21F954142A9F78DD00F395B0 /* BookMarkCell.swift */; };
		B386B08B2A8EAA8200E68A2D /* LoginVC.swift in Sources */ = {isa = PBXBuildFile; fileRef = B386B08A2A8EAA8200E68A2D /* LoginVC.swift */; };
		B386B0962A8F140500E68A2D /* Pretendard-SemiBold.otf in Resources */ = {isa = PBXBuildFile; fileRef = B386B08D2A8F140500E68A2D /* Pretendard-SemiBold.otf */; };
		B386B0972A8F140500E68A2D /* Pretendard-Thin.otf in Resources */ = {isa = PBXBuildFile; fileRef = B386B08E2A8F140500E68A2D /* Pretendard-Thin.otf */; };
		B386B0982A8F140500E68A2D /* Pretendard-Regular.otf in Resources */ = {isa = PBXBuildFile; fileRef = B386B08F2A8F140500E68A2D /* Pretendard-Regular.otf */; };
		B386B0992A8F140500E68A2D /* Pretendard-Bold.otf in Resources */ = {isa = PBXBuildFile; fileRef = B386B0902A8F140500E68A2D /* Pretendard-Bold.otf */; };
		B386B09A2A8F140500E68A2D /* Pretendard-Medium.otf in Resources */ = {isa = PBXBuildFile; fileRef = B386B0912A8F140500E68A2D /* Pretendard-Medium.otf */; };
		B386B09B2A8F140500E68A2D /* Pretendard-ExtraBold.otf in Resources */ = {isa = PBXBuildFile; fileRef = B386B0922A8F140500E68A2D /* Pretendard-ExtraBold.otf */; };
		B386B09C2A8F140500E68A2D /* Pretendard-Light.otf in Resources */ = {isa = PBXBuildFile; fileRef = B386B0932A8F140500E68A2D /* Pretendard-Light.otf */; };
		B386B09D2A8F140500E68A2D /* Pretendard-Black.otf in Resources */ = {isa = PBXBuildFile; fileRef = B386B0942A8F140500E68A2D /* Pretendard-Black.otf */; };
		B386B09E2A8F140500E68A2D /* Pretendard-ExtraLight.otf in Resources */ = {isa = PBXBuildFile; fileRef = B386B0952A8F140500E68A2D /* Pretendard-ExtraLight.otf */; };
		B3CEE3932AA111D9006A0D79 /* AuthViewModel.swift in Sources */ = {isa = PBXBuildFile; fileRef = B3CEE3922AA111D9006A0D79 /* AuthViewModel.swift */; };
		D8B67EB6F5DD119EE9F00F3D /* Pods_DRBS_HomeComing.framework in Frameworks */ = {isa = PBXBuildFile; fileRef = ADEFB8A0A9B953872733D735 /* Pods_DRBS_HomeComing.framework */; };
		EB560BE72A9099870051E9E6 /* AdMobCell.swift in Sources */ = {isa = PBXBuildFile; fileRef = EB560BE62A9099870051E9E6 /* AdMobCell.swift */; };
		EBD8B7632A90A060005DCCFD /* GoogleService-Info.plist in Resources */ = {isa = PBXBuildFile; fileRef = EBD8B7622A90A060005DCCFD /* GoogleService-Info.plist */; };
/* End PBXBuildFile section */

/* Begin PBXFileReference section */
		186335592A8A0D0B00E283D5 /* DetailVC.swift */ = {isa = PBXFileReference; fileEncoding = 4; lastKnownFileType = sourcecode.swift; path = DetailVC.swift; sourceTree = "<group>"; };
		1863355D2A8A0D1D00E283D5 /* DetailCell.swift */ = {isa = PBXFileReference; fileEncoding = 4; lastKnownFileType = sourcecode.swift; path = DetailCell.swift; sourceTree = "<group>"; };
		1863355F2A8A0D2900E283D5 /* CheckViewModel.swift */ = {isa = PBXFileReference; fileEncoding = 4; lastKnownFileType = sourcecode.swift; path = CheckViewModel.swift; sourceTree = "<group>"; };
		18731A542A9A3F2700BF62D6 /* ko */ = {isa = PBXFileReference; lastKnownFileType = text.plist.strings; name = ko; path = ko.lproj/LaunchScreen.strings; sourceTree = "<group>"; };
		2143CE352A7904DD00A5DB36 /* OneroomCell.swift */ = {isa = PBXFileReference; lastKnownFileType = sourcecode.swift; path = OneroomCell.swift; sourceTree = "<group>"; };
		2143CE372A79051400A5DB36 /* VillaCell.swift */ = {isa = PBXFileReference; lastKnownFileType = sourcecode.swift; path = VillaCell.swift; sourceTree = "<group>"; };
		2158BA522A949B510064AFC4 /* CustomSlider.swift */ = {isa = PBXFileReference; lastKnownFileType = sourcecode.swift; path = CustomSlider.swift; sourceTree = "<group>"; };
		2158BA562A9508160064AFC4 /* CalendarVC.swift */ = {isa = PBXFileReference; lastKnownFileType = sourcecode.swift; path = CalendarVC.swift; sourceTree = "<group>"; };
		2158BA5B2A9632C90064AFC4 /* CheckListUIView.swift */ = {isa = PBXFileReference; lastKnownFileType = sourcecode.swift; path = CheckListUIView.swift; sourceTree = "<group>"; };
		215BDC652A889D7F007151A1 /* CheckList.swift */ = {isa = PBXFileReference; lastKnownFileType = sourcecode.swift; path = CheckList.swift; sourceTree = "<group>"; };
		216FA0A62A8BA5F1004D0279 /* NoticeList.swift */ = {isa = PBXFileReference; lastKnownFileType = sourcecode.swift; path = NoticeList.swift; sourceTree = "<group>"; };
		216FA0A82A8BA5FE004D0279 /* SettingSection.swift */ = {isa = PBXFileReference; lastKnownFileType = sourcecode.swift; path = SettingSection.swift; sourceTree = "<group>"; };
		216FA0AB2A8BA641004D0279 /* AccountSettingCell.swift */ = {isa = PBXFileReference; lastKnownFileType = sourcecode.swift; path = AccountSettingCell.swift; sourceTree = "<group>"; };
		216FA0AD2A8BA651004D0279 /* AppVersionCell.swift */ = {isa = PBXFileReference; lastKnownFileType = sourcecode.swift; path = AppVersionCell.swift; sourceTree = "<group>"; };
		216FA0AF2A8BA65D004D0279 /* LisenseCell.swift */ = {isa = PBXFileReference; lastKnownFileType = sourcecode.swift; path = LisenseCell.swift; sourceTree = "<group>"; };
		216FA0B32A8BA672004D0279 /* NoticeCell.swift */ = {isa = PBXFileReference; lastKnownFileType = sourcecode.swift; path = NoticeCell.swift; sourceTree = "<group>"; };
		216FA0B52A8BA67C004D0279 /* NoticeListCell.swift */ = {isa = PBXFileReference; lastKnownFileType = sourcecode.swift; path = NoticeListCell.swift; sourceTree = "<group>"; };
		216FA0B72A8BA684004D0279 /* OptionCell.swift */ = {isa = PBXFileReference; lastKnownFileType = sourcecode.swift; path = OptionCell.swift; sourceTree = "<group>"; };
		216FA0BE2A8BA71A004D0279 /* NoticeListVC.swift */ = {isa = PBXFileReference; lastKnownFileType = sourcecode.swift; path = NoticeListVC.swift; sourceTree = "<group>"; };
		216FA0C02A8BA726004D0279 /* SettingVC.swift */ = {isa = PBXFileReference; lastKnownFileType = sourcecode.swift; path = SettingVC.swift; sourceTree = "<group>"; };
		216FA0C22A8BA739004D0279 /* WithdrawVC.swift */ = {isa = PBXFileReference; lastKnownFileType = sourcecode.swift; path = WithdrawVC.swift; sourceTree = "<group>"; };
		216FA0C72A8BA7AF004D0279 /* NoticeListViewModel.swift */ = {isa = PBXFileReference; lastKnownFileType = sourcecode.swift; path = NoticeListViewModel.swift; sourceTree = "<group>"; };
		216FA0C92A8BA7BA004D0279 /* SettingViewModel.swift */ = {isa = PBXFileReference; lastKnownFileType = sourcecode.swift; path = SettingViewModel.swift; sourceTree = "<group>"; };
		217AD4812AA3233F0071D3B7 /* config.xcconfig */ = {isa = PBXFileReference; lastKnownFileType = text.xcconfig; path = config.xcconfig; sourceTree = "<group>"; };
		217C83EC2A76847600363ED2 /* HouseTVCell.swift */ = {isa = PBXFileReference; lastKnownFileType = sourcecode.swift; path = HouseTVCell.swift; sourceTree = "<group>"; };
		217C83F02A76858F00363ED2 /* ApartCell.swift */ = {isa = PBXFileReference; lastKnownFileType = sourcecode.swift; path = ApartCell.swift; sourceTree = "<group>"; };
		218111A22A9AE938009A82C4 /* PopUpVC.swift */ = {isa = PBXFileReference; lastKnownFileType = sourcecode.swift; path = PopUpVC.swift; sourceTree = "<group>"; };
		218111A42A9AECD7009A82C4 /* PopUpView.swift */ = {isa = PBXFileReference; lastKnownFileType = sourcecode.swift; path = PopUpView.swift; sourceTree = "<group>"; };
		218111A92A9F50E0009A82C4 /* Protocols.swift */ = {isa = PBXFileReference; lastKnownFileType = sourcecode.swift; path = Protocols.swift; sourceTree = "<group>"; };
		218ACDDF2A75262400687EE6 /* DRBS-HomeComing.app */ = {isa = PBXFileReference; explicitFileType = wrapper.application; includeInIndex = 0; path = "DRBS-HomeComing.app"; sourceTree = BUILT_PRODUCTS_DIR; };
		218ACDE22A75262400687EE6 /* AppDelegate.swift */ = {isa = PBXFileReference; lastKnownFileType = sourcecode.swift; path = AppDelegate.swift; sourceTree = "<group>"; };
		218ACDE42A75262400687EE6 /* SceneDelegate.swift */ = {isa = PBXFileReference; lastKnownFileType = sourcecode.swift; path = SceneDelegate.swift; sourceTree = "<group>"; };
		218ACDE62A75262400687EE6 /* HomeVC.swift */ = {isa = PBXFileReference; lastKnownFileType = sourcecode.swift; path = HomeVC.swift; sourceTree = "<group>"; };
		218ACDEB2A75262500687EE6 /* Assets.xcassets */ = {isa = PBXFileReference; lastKnownFileType = folder.assetcatalog; path = Assets.xcassets; sourceTree = "<group>"; };
		218ACDEE2A75262500687EE6 /* Base */ = {isa = PBXFileReference; lastKnownFileType = file.storyboard; name = Base; path = Base.lproj/LaunchScreen.storyboard; sourceTree = "<group>"; };
		218ACDF02A75262500687EE6 /* Info.plist */ = {isa = PBXFileReference; lastKnownFileType = text.plist.xml; path = Info.plist; sourceTree = "<group>"; };
		218ACDFC2A752A0C00687EE6 /* House.swift */ = {isa = PBXFileReference; lastKnownFileType = sourcecode.swift; path = House.swift; sourceTree = "<group>"; };
		218ACDFE2A752ABB00687EE6 /* Tabbar.swift */ = {isa = PBXFileReference; lastKnownFileType = sourcecode.swift; path = Tabbar.swift; sourceTree = "<group>"; };
		218ACE082A76312400687EE6 /* MapVC.swift */ = {isa = PBXFileReference; lastKnownFileType = sourcecode.swift; path = MapVC.swift; sourceTree = "<group>"; };
		218ACE0A2A763C0800687EE6 /* Extensions.swift */ = {isa = PBXFileReference; lastKnownFileType = sourcecode.swift; path = Extensions.swift; sourceTree = "<group>"; };
		218ACE0C2A763C9000687EE6 /* NetworkingManager.swift */ = {isa = PBXFileReference; lastKnownFileType = sourcecode.swift; path = NetworkingManager.swift; sourceTree = "<group>"; };
		218ACE0E2A763CBC00687EE6 /* Constants.swift */ = {isa = PBXFileReference; lastKnownFileType = sourcecode.swift; path = Constants.swift; sourceTree = "<group>"; };
		218ACE102A763FA700687EE6 /* HouseViewModel.swift */ = {isa = PBXFileReference; lastKnownFileType = sourcecode.swift; path = HouseViewModel.swift; sourceTree = "<group>"; };
		2192EA9C2A90A4BD006AB5B3 /* CheckVC2.swift */ = {isa = PBXFileReference; fileEncoding = 4; lastKnownFileType = sourcecode.swift; path = CheckVC2.swift; sourceTree = "<group>"; };
		2192EA9D2A90A4BD006AB5B3 /* MyHouseVC.swift */ = {isa = PBXFileReference; fileEncoding = 4; lastKnownFileType = sourcecode.swift; path = MyHouseVC.swift; sourceTree = "<group>"; };
		2192EA9E2A90A4BD006AB5B3 /* CheckVC1.swift */ = {isa = PBXFileReference; fileEncoding = 4; lastKnownFileType = sourcecode.swift; path = CheckVC1.swift; sourceTree = "<group>"; };
		2192EAA22A947740006AB5B3 /* RateVC.swift */ = {isa = PBXFileReference; lastKnownFileType = sourcecode.swift; path = RateVC.swift; sourceTree = "<group>"; };
		21B6275F2A83470A00081D5E /* .swiftlint.yml */ = {isa = PBXFileReference; lastKnownFileType = text.yaml; path = .swiftlint.yml; sourceTree = "<group>"; };
		21B627632A83834900081D5E /* Location.swift */ = {isa = PBXFileReference; lastKnownFileType = sourcecode.swift; path = Location.swift; sourceTree = "<group>"; };
		21B627652A83838600081D5E /* LocationViewModel.swift */ = {isa = PBXFileReference; lastKnownFileType = sourcecode.swift; path = LocationViewModel.swift; sourceTree = "<group>"; };
		21B627672A8383FE00081D5E /* SearchVC.swift */ = {isa = PBXFileReference; lastKnownFileType = sourcecode.swift; path = SearchVC.swift; sourceTree = "<group>"; };
		21B627692A83841200081D5E /* SearchCell.swift */ = {isa = PBXFileReference; lastKnownFileType = sourcecode.swift; path = SearchCell.swift; sourceTree = "<group>"; };
		21B6276B2A83844400081D5E /* ModalVC.swift */ = {isa = PBXFileReference; lastKnownFileType = sourcecode.swift; path = ModalVC.swift; sourceTree = "<group>"; };
		21B6276D2A8384D700081D5E /* MyLocation.gpx */ = {isa = PBXFileReference; lastKnownFileType = text.xml; path = MyLocation.gpx; sourceTree = "<group>"; };
		21B6276E2A83A95B00081D5E /* AnnotationView.swift */ = {isa = PBXFileReference; lastKnownFileType = sourcecode.swift; path = AnnotationView.swift; sourceTree = "<group>"; };
		21F954142A9F78DD00F395B0 /* BookMarkCell.swift */ = {isa = PBXFileReference; lastKnownFileType = sourcecode.swift; path = BookMarkCell.swift; sourceTree = "<group>"; };
		62D9C7BA5F15637BEB476443 /* Pods-DRBS-HomeComing.release config.xcconfig */ = {isa = PBXFileReference; includeInIndex = 1; lastKnownFileType = text.xcconfig; name = "Pods-DRBS-HomeComing.release config.xcconfig"; path = "Target Support Files/Pods-DRBS-HomeComing/Pods-DRBS-HomeComing.release config.xcconfig"; sourceTree = "<group>"; };
		6BB76A4B9218DD95A0E4D0C6 /* Pods-DRBS-HomeComing.debug.xcconfig */ = {isa = PBXFileReference; includeInIndex = 1; lastKnownFileType = text.xcconfig; name = "Pods-DRBS-HomeComing.debug.xcconfig"; path = "Target Support Files/Pods-DRBS-HomeComing/Pods-DRBS-HomeComing.debug.xcconfig"; sourceTree = "<group>"; };
		ADEFB8A0A9B953872733D735 /* Pods_DRBS_HomeComing.framework */ = {isa = PBXFileReference; explicitFileType = wrapper.framework; includeInIndex = 0; path = Pods_DRBS_HomeComing.framework; sourceTree = BUILT_PRODUCTS_DIR; };
		B386B08A2A8EAA8200E68A2D /* LoginVC.swift */ = {isa = PBXFileReference; lastKnownFileType = sourcecode.swift; path = LoginVC.swift; sourceTree = "<group>"; };
		B386B08D2A8F140500E68A2D /* Pretendard-SemiBold.otf */ = {isa = PBXFileReference; lastKnownFileType = file; path = "Pretendard-SemiBold.otf"; sourceTree = "<group>"; };
		B386B08E2A8F140500E68A2D /* Pretendard-Thin.otf */ = {isa = PBXFileReference; lastKnownFileType = file; path = "Pretendard-Thin.otf"; sourceTree = "<group>"; };
		B386B08F2A8F140500E68A2D /* Pretendard-Regular.otf */ = {isa = PBXFileReference; lastKnownFileType = file; path = "Pretendard-Regular.otf"; sourceTree = "<group>"; };
		B386B0902A8F140500E68A2D /* Pretendard-Bold.otf */ = {isa = PBXFileReference; lastKnownFileType = file; path = "Pretendard-Bold.otf"; sourceTree = "<group>"; };
		B386B0912A8F140500E68A2D /* Pretendard-Medium.otf */ = {isa = PBXFileReference; lastKnownFileType = file; path = "Pretendard-Medium.otf"; sourceTree = "<group>"; };
		B386B0922A8F140500E68A2D /* Pretendard-ExtraBold.otf */ = {isa = PBXFileReference; lastKnownFileType = file; path = "Pretendard-ExtraBold.otf"; sourceTree = "<group>"; };
		B386B0932A8F140500E68A2D /* Pretendard-Light.otf */ = {isa = PBXFileReference; lastKnownFileType = file; path = "Pretendard-Light.otf"; sourceTree = "<group>"; };
		B386B0942A8F140500E68A2D /* Pretendard-Black.otf */ = {isa = PBXFileReference; lastKnownFileType = file; path = "Pretendard-Black.otf"; sourceTree = "<group>"; };
		B386B0952A8F140500E68A2D /* Pretendard-ExtraLight.otf */ = {isa = PBXFileReference; lastKnownFileType = file; path = "Pretendard-ExtraLight.otf"; sourceTree = "<group>"; };
		B3CEE3922AA111D9006A0D79 /* AuthViewModel.swift */ = {isa = PBXFileReference; lastKnownFileType = sourcecode.swift; path = AuthViewModel.swift; sourceTree = "<group>"; };
		EA8B5940E19DAEDA05926F1E /* Pods-DRBS-HomeComing.debug config.xcconfig */ = {isa = PBXFileReference; includeInIndex = 1; lastKnownFileType = text.xcconfig; name = "Pods-DRBS-HomeComing.debug config.xcconfig"; path = "Target Support Files/Pods-DRBS-HomeComing/Pods-DRBS-HomeComing.debug config.xcconfig"; sourceTree = "<group>"; };
		EB560BE62A9099870051E9E6 /* AdMobCell.swift */ = {isa = PBXFileReference; lastKnownFileType = sourcecode.swift; path = AdMobCell.swift; sourceTree = "<group>"; };
		EBD8B7622A90A060005DCCFD /* GoogleService-Info.plist */ = {isa = PBXFileReference; fileEncoding = 4; lastKnownFileType = text.plist.xml; path = "GoogleService-Info.plist"; sourceTree = "<group>"; };
		F4B999EA08173C79FED36B01 /* Pods-DRBS-HomeComing.release.xcconfig */ = {isa = PBXFileReference; includeInIndex = 1; lastKnownFileType = text.xcconfig; name = "Pods-DRBS-HomeComing.release.xcconfig"; path = "Target Support Files/Pods-DRBS-HomeComing/Pods-DRBS-HomeComing.release.xcconfig"; sourceTree = "<group>"; };
/* End PBXFileReference section */

/* Begin PBXFrameworksBuildPhase section */
		218ACDDC2A75262400687EE6 /* Frameworks */ = {
			isa = PBXFrameworksBuildPhase;
			buildActionMask = 2147483647;
			files = (
				D8B67EB6F5DD119EE9F00F3D /* Pods_DRBS_HomeComing.framework in Frameworks */,
			);
			runOnlyForDeploymentPostprocessing = 0;
		};
/* End PBXFrameworksBuildPhase section */

/* Begin PBXGroup section */
		216FA0A32A8BA5D8004D0279 /* SettingSectionModel */ = {
			isa = PBXGroup;
			children = (
				216FA0A62A8BA5F1004D0279 /* NoticeList.swift */,
				216FA0A82A8BA5FE004D0279 /* SettingSection.swift */,
			);
			path = SettingSectionModel;
			sourceTree = "<group>";
		};
		216FA0AA2A8BA632004D0279 /* SettingSectionCell */ = {
			isa = PBXGroup;
			children = (
				216FA0AB2A8BA641004D0279 /* AccountSettingCell.swift */,
				216FA0AD2A8BA651004D0279 /* AppVersionCell.swift */,
				216FA0AF2A8BA65D004D0279 /* LisenseCell.swift */,
				216FA0B32A8BA672004D0279 /* NoticeCell.swift */,
				216FA0B52A8BA67C004D0279 /* NoticeListCell.swift */,
				216FA0B72A8BA684004D0279 /* OptionCell.swift */,
			);
			path = SettingSectionCell;
			sourceTree = "<group>";
		};
		216FA0B92A8BA6F6004D0279 /* SettingSectionVC */ = {
			isa = PBXGroup;
			children = (
				216FA0BE2A8BA71A004D0279 /* NoticeListVC.swift */,
				216FA0C02A8BA726004D0279 /* SettingVC.swift */,
				216FA0C22A8BA739004D0279 /* WithdrawVC.swift */,
			);
			path = SettingSectionVC;
			sourceTree = "<group>";
		};
		216FA0C42A8BA783004D0279 /* SettingSectionViewModel */ = {
			isa = PBXGroup;
			children = (
				216FA0C72A8BA7AF004D0279 /* NoticeListViewModel.swift */,
				216FA0C92A8BA7BA004D0279 /* SettingViewModel.swift */,
			);
			path = SettingSectionViewModel;
			sourceTree = "<group>";
		};
		216FA0CB2A8BB00B004D0279 /* Resources */ = {
			isa = PBXGroup;
			children = (
				B386B08C2A8F13C100E68A2D /* Font */,
				218ACDEB2A75262500687EE6 /* Assets.xcassets */,
			);
			path = Resources;
			sourceTree = "<group>";
		};
		217E14B22A8E111800CFFF2E /* MapVC */ = {
			isa = PBXGroup;
			children = (
				218ACE082A76312400687EE6 /* MapVC.swift */,
				21B627672A8383FE00081D5E /* SearchVC.swift */,
				21B6276B2A83844400081D5E /* ModalVC.swift */,
				21B6276E2A83A95B00081D5E /* AnnotationView.swift */,
			);
			path = MapVC;
			sourceTree = "<group>";
		};
		218ACDD62A75262400687EE6 = {
			isa = PBXGroup;
			children = (
				21B6276D2A8384D700081D5E /* MyLocation.gpx */,
				21B6275F2A83470A00081D5E /* .swiftlint.yml */,
				218ACDE12A75262400687EE6 /* DRBS-HomeComing */,
				218ACDE02A75262400687EE6 /* Products */,
				9360B786DD59331CA82EFBCE /* Pods */,
				57FAD258E927479E3F71361D /* Frameworks */,
			);
			sourceTree = "<group>";
		};
		218ACDE02A75262400687EE6 /* Products */ = {
			isa = PBXGroup;
			children = (
				218ACDDF2A75262400687EE6 /* DRBS-HomeComing.app */,
			);
			name = Products;
			sourceTree = "<group>";
		};
		218ACDE12A75262400687EE6 /* DRBS-HomeComing */ = {
			isa = PBXGroup;
			children = (
				216FA0CB2A8BB00B004D0279 /* Resources */,
				218ACDF72A75263C00687EE6 /* API */,
				218ACDFB2A7526F500687EE6 /* Helpers */,
				218ACDF92A75266400687EE6 /* Model */,
				218ACDF82A75264500687EE6 /* View */,
				218ACDFA2A75266A00687EE6 /* ViewModel */,
				218ACDED2A75262500687EE6 /* LaunchScreen.storyboard */,
				EBD8B7622A90A060005DCCFD /* GoogleService-Info.plist */,
				218ACDF02A75262500687EE6 /* Info.plist */,
				217AD4812AA3233F0071D3B7 /* config.xcconfig */,
			);
			path = "DRBS-HomeComing";
			sourceTree = "<group>";
		};
		218ACDF72A75263C00687EE6 /* API */ = {
			isa = PBXGroup;
			children = (
				218ACE0C2A763C9000687EE6 /* NetworkingManager.swift */,
			);
			path = API;
			sourceTree = "<group>";
		};
		218ACDF82A75264500687EE6 /* View */ = {
			isa = PBXGroup;
			children = (
				21B627532A814B1F00081D5E /* Cell */,
				21B627522A814B1400081D5E /* TV&CV */,
				21B627512A814B0500081D5E /* VC */,
				2158BA522A949B510064AFC4 /* CustomSlider.swift */,
			);
			path = View;
			sourceTree = "<group>";
		};
		218ACDF92A75266400687EE6 /* Model */ = {
			isa = PBXGroup;
			children = (
				216FA0A32A8BA5D8004D0279 /* SettingSectionModel */,
				218ACDFC2A752A0C00687EE6 /* House.swift */,
				21B627632A83834900081D5E /* Location.swift */,
				215BDC652A889D7F007151A1 /* CheckList.swift */,
			);
			path = Model;
			sourceTree = "<group>";
		};
		218ACDFA2A75266A00687EE6 /* ViewModel */ = {
			isa = PBXGroup;
			children = (
				216FA0C42A8BA783004D0279 /* SettingSectionViewModel */,
				218ACE102A763FA700687EE6 /* HouseViewModel.swift */,
				21B627652A83838600081D5E /* LocationViewModel.swift */,
				1863355F2A8A0D2900E283D5 /* CheckViewModel.swift */,
				B3CEE3922AA111D9006A0D79 /* AuthViewModel.swift */,
			);
			path = ViewModel;
			sourceTree = "<group>";
		};
		218ACDFB2A7526F500687EE6 /* Helpers */ = {
			isa = PBXGroup;
			children = (
				218ACDE22A75262400687EE6 /* AppDelegate.swift */,
				218ACDE42A75262400687EE6 /* SceneDelegate.swift */,
				218ACE0A2A763C0800687EE6 /* Extensions.swift */,
				218ACE0E2A763CBC00687EE6 /* Constants.swift */,
				218111A92A9F50E0009A82C4 /* Protocols.swift */,
			);
			path = Helpers;
			sourceTree = "<group>";
		};
		2192EA962A8F0903006AB5B3 /* HomeCell */ = {
			isa = PBXGroup;
			children = (
				217C83EC2A76847600363ED2 /* HouseTVCell.swift */,
				217C83F02A76858F00363ED2 /* ApartCell.swift */,
				2143CE352A7904DD00A5DB36 /* OneroomCell.swift */,
				2143CE372A79051400A5DB36 /* VillaCell.swift */,
				21F954142A9F78DD00F395B0 /* BookMarkCell.swift */,
			);
			path = HomeCell;
			sourceTree = "<group>";
		};
		2192EA9B2A8FBAA9006AB5B3 /* CheckVC */ = {
			isa = PBXGroup;
			children = (
				2192EA9E2A90A4BD006AB5B3 /* CheckVC1.swift */,
				2192EA9C2A90A4BD006AB5B3 /* CheckVC2.swift */,
				2192EAA22A947740006AB5B3 /* RateVC.swift */,
				218111A22A9AE938009A82C4 /* PopUpVC.swift */,
				218111A42A9AECD7009A82C4 /* PopUpView.swift */,
				2192EA9D2A90A4BD006AB5B3 /* MyHouseVC.swift */,
				2158BA562A9508160064AFC4 /* CalendarVC.swift */,
				2158BA5B2A9632C90064AFC4 /* CheckListUIView.swift */,
			);
			path = CheckVC;
			sourceTree = "<group>";
		};
		21B627512A814B0500081D5E /* VC */ = {
			isa = PBXGroup;
			children = (
				2192EA9B2A8FBAA9006AB5B3 /* CheckVC */,
				217E14B22A8E111800CFFF2E /* MapVC */,
				216FA0B92A8BA6F6004D0279 /* SettingSectionVC */,
				218ACDFE2A752ABB00687EE6 /* Tabbar.swift */,
				218ACDE62A75262400687EE6 /* HomeVC.swift */,
				B386B08A2A8EAA8200E68A2D /* LoginVC.swift */,
			);
			path = VC;
			sourceTree = "<group>";
		};
		21B627522A814B1400081D5E /* TV&CV */ = {
			isa = PBXGroup;
			children = (
				186335592A8A0D0B00E283D5 /* DetailVC.swift */,
			);
			path = "TV&CV";
			sourceTree = "<group>";
		};
		21B627532A814B1F00081D5E /* Cell */ = {
			isa = PBXGroup;
			children = (
				EBB005622A94A1D2008E2A8C /* AdMobCell */,
				2192EA962A8F0903006AB5B3 /* HomeCell */,
				216FA0AA2A8BA632004D0279 /* SettingSectionCell */,
				21B627692A83841200081D5E /* SearchCell.swift */,
				1863355D2A8A0D1D00E283D5 /* DetailCell.swift */,
			);
			path = Cell;
			sourceTree = "<group>";
		};
		57FAD258E927479E3F71361D /* Frameworks */ = {
			isa = PBXGroup;
			children = (
				ADEFB8A0A9B953872733D735 /* Pods_DRBS_HomeComing.framework */,
			);
			name = Frameworks;
			sourceTree = "<group>";
		};
		9360B786DD59331CA82EFBCE /* Pods */ = {
			isa = PBXGroup;
			children = (
				6BB76A4B9218DD95A0E4D0C6 /* Pods-DRBS-HomeComing.debug.xcconfig */,
				F4B999EA08173C79FED36B01 /* Pods-DRBS-HomeComing.release.xcconfig */,
				EA8B5940E19DAEDA05926F1E /* Pods-DRBS-HomeComing.debug config.xcconfig */,
				62D9C7BA5F15637BEB476443 /* Pods-DRBS-HomeComing.release config.xcconfig */,
			);
			path = Pods;
			sourceTree = "<group>";
		};
		B386B08C2A8F13C100E68A2D /* Font */ = {
			isa = PBXGroup;
			children = (
				B386B0942A8F140500E68A2D /* Pretendard-Black.otf */,
				B386B0902A8F140500E68A2D /* Pretendard-Bold.otf */,
				B386B0922A8F140500E68A2D /* Pretendard-ExtraBold.otf */,
				B386B0952A8F140500E68A2D /* Pretendard-ExtraLight.otf */,
				B386B0932A8F140500E68A2D /* Pretendard-Light.otf */,
				B386B0912A8F140500E68A2D /* Pretendard-Medium.otf */,
				B386B08F2A8F140500E68A2D /* Pretendard-Regular.otf */,
				B386B08D2A8F140500E68A2D /* Pretendard-SemiBold.otf */,
				B386B08E2A8F140500E68A2D /* Pretendard-Thin.otf */,
			);
			path = Font;
			sourceTree = "<group>";
		};
		EBB005622A94A1D2008E2A8C /* AdMobCell */ = {
			isa = PBXGroup;
			children = (
				EB560BE62A9099870051E9E6 /* AdMobCell.swift */,
			);
			path = AdMobCell;
			sourceTree = "<group>";
		};
/* End PBXGroup section */

/* Begin PBXNativeTarget section */
		218ACDDE2A75262400687EE6 /* DRBS-HomeComing */ = {
			isa = PBXNativeTarget;
			buildConfigurationList = 218ACDF32A75262500687EE6 /* Build configuration list for PBXNativeTarget "DRBS-HomeComing" */;
			buildPhases = (
				C013281D019E259A10BC74B2 /* [CP] Check Pods Manifest.lock */,
				21B6274F2A811CEF00081D5E /* SwiftLint Script */,
				218ACDDB2A75262400687EE6 /* Sources */,
				218ACDDC2A75262400687EE6 /* Frameworks */,
				218ACDDD2A75262400687EE6 /* Resources */,
				3A705D50A46F65B2E36AD746 /* [CP] Embed Pods Frameworks */,
			);
			buildRules = (
			);
			dependencies = (
			);
			name = "DRBS-HomeComing";
			productName = TestProject;
			productReference = 218ACDDF2A75262400687EE6 /* DRBS-HomeComing.app */;
			productType = "com.apple.product-type.application";
		};
/* End PBXNativeTarget section */

/* Begin PBXProject section */
		218ACDD72A75262400687EE6 /* Project object */ = {
			isa = PBXProject;
			attributes = {
				BuildIndependentTargetsInParallel = 1;
				LastSwiftUpdateCheck = 1430;
				LastUpgradeCheck = 1430;
				TargetAttributes = {
					218ACDDE2A75262400687EE6 = {
						CreatedOnToolsVersion = 14.3.1;
					};
				};
			};
			buildConfigurationList = 218ACDDA2A75262400687EE6 /* Build configuration list for PBXProject "DRBS-HomeComing" */;
			compatibilityVersion = "Xcode 14.0";
			developmentRegion = en;
			hasScannedForEncodings = 0;
			knownRegions = (
				en,
				Base,
				ko,
			);
			mainGroup = 218ACDD62A75262400687EE6;
			productRefGroup = 218ACDE02A75262400687EE6 /* Products */;
			projectDirPath = "";
			projectRoot = "";
			targets = (
				218ACDDE2A75262400687EE6 /* DRBS-HomeComing */,
			);
		};
/* End PBXProject section */

/* Begin PBXResourcesBuildPhase section */
		218ACDDD2A75262400687EE6 /* Resources */ = {
			isa = PBXResourcesBuildPhase;
			buildActionMask = 2147483647;
			files = (
				21B627602A83470A00081D5E /* .swiftlint.yml in Resources */,
				B386B0982A8F140500E68A2D /* Pretendard-Regular.otf in Resources */,
				B386B09B2A8F140500E68A2D /* Pretendard-ExtraBold.otf in Resources */,
				B386B09C2A8F140500E68A2D /* Pretendard-Light.otf in Resources */,
				B386B0992A8F140500E68A2D /* Pretendard-Bold.otf in Resources */,
				B386B09A2A8F140500E68A2D /* Pretendard-Medium.otf in Resources */,
				217AD4822AA3233F0071D3B7 /* config.xcconfig in Resources */,
				B386B09E2A8F140500E68A2D /* Pretendard-ExtraLight.otf in Resources */,
				B386B09D2A8F140500E68A2D /* Pretendard-Black.otf in Resources */,
				B386B0972A8F140500E68A2D /* Pretendard-Thin.otf in Resources */,
				218ACDEF2A75262500687EE6 /* LaunchScreen.storyboard in Resources */,
				218ACDEC2A75262500687EE6 /* Assets.xcassets in Resources */,
				B386B0962A8F140500E68A2D /* Pretendard-SemiBold.otf in Resources */,
				EBD8B7632A90A060005DCCFD /* GoogleService-Info.plist in Resources */,
			);
			runOnlyForDeploymentPostprocessing = 0;
		};
/* End PBXResourcesBuildPhase section */

/* Begin PBXShellScriptBuildPhase section */
		21B6274F2A811CEF00081D5E /* SwiftLint Script */ = {
			isa = PBXShellScriptBuildPhase;
			alwaysOutOfDate = 1;
			buildActionMask = 2147483647;
			files = (
			);
			inputFileListPaths = (
			);
			inputPaths = (
			);
			name = "SwiftLint Script";
			outputFileListPaths = (
			);
			outputPaths = (
			);
			runOnlyForDeploymentPostprocessing = 0;
			shellPath = /bin/sh;
			shellScript = "${PODS_ROOT}/SwiftLint/swiftlint \n";
		};
		3A705D50A46F65B2E36AD746 /* [CP] Embed Pods Frameworks */ = {
			isa = PBXShellScriptBuildPhase;
			buildActionMask = 2147483647;
			files = (
			);
			inputFileListPaths = (
				"${PODS_ROOT}/Target Support Files/Pods-DRBS-HomeComing/Pods-DRBS-HomeComing-frameworks-${CONFIGURATION}-input-files.xcfilelist",
			);
			name = "[CP] Embed Pods Frameworks";
			outputFileListPaths = (
				"${PODS_ROOT}/Target Support Files/Pods-DRBS-HomeComing/Pods-DRBS-HomeComing-frameworks-${CONFIGURATION}-output-files.xcfilelist",
			);
			runOnlyForDeploymentPostprocessing = 0;
			shellPath = /bin/sh;
			shellScript = "\"${PODS_ROOT}/Target Support Files/Pods-DRBS-HomeComing/Pods-DRBS-HomeComing-frameworks.sh\"\n";
			showEnvVarsInLog = 0;
		};
		C013281D019E259A10BC74B2 /* [CP] Check Pods Manifest.lock */ = {
			isa = PBXShellScriptBuildPhase;
			buildActionMask = 2147483647;
			files = (
			);
			inputFileListPaths = (
			);
			inputPaths = (
				"${PODS_PODFILE_DIR_PATH}/Podfile.lock",
				"${PODS_ROOT}/Manifest.lock",
			);
			name = "[CP] Check Pods Manifest.lock";
			outputFileListPaths = (
			);
			outputPaths = (
				"$(DERIVED_FILE_DIR)/Pods-DRBS-HomeComing-checkManifestLockResult.txt",
			);
			runOnlyForDeploymentPostprocessing = 0;
			shellPath = /bin/sh;
			shellScript = "diff \"${PODS_PODFILE_DIR_PATH}/Podfile.lock\" \"${PODS_ROOT}/Manifest.lock\" > /dev/null\nif [ $? != 0 ] ; then\n    # print error to STDERR\n    echo \"error: The sandbox is not in sync with the Podfile.lock. Run 'pod install' or update your CocoaPods installation.\" >&2\n    exit 1\nfi\n# This output is used by Xcode 'outputs' to avoid re-running this script phase.\necho \"SUCCESS\" > \"${SCRIPT_OUTPUT_FILE_0}\"\n";
			showEnvVarsInLog = 0;
		};
/* End PBXShellScriptBuildPhase section */

/* Begin PBXSourcesBuildPhase section */
		218ACDDB2A75262400687EE6 /* Sources */ = {
			isa = PBXSourcesBuildPhase;
			buildActionMask = 2147483647;
			files = (
				2192EAA32A947740006AB5B3 /* RateVC.swift in Sources */,
				216FA0B82A8BA684004D0279 /* OptionCell.swift in Sources */,
				1863355E2A8A0D1D00E283D5 /* DetailCell.swift in Sources */,
				2143CE362A7904DD00A5DB36 /* OneroomCell.swift in Sources */,
				2192EAA12A90A4BD006AB5B3 /* CheckVC1.swift in Sources */,
				218111AA2A9F50E0009A82C4 /* Protocols.swift in Sources */,
				21B6276A2A83841200081D5E /* SearchCell.swift in Sources */,
				218ACDE72A75262400687EE6 /* HomeVC.swift in Sources */,
				218ACE092A76312400687EE6 /* MapVC.swift in Sources */,
				21B627662A83838600081D5E /* LocationViewModel.swift in Sources */,
				2158BA5C2A9632C90064AFC4 /* CheckListUIView.swift in Sources */,
				218ACDE32A75262400687EE6 /* AppDelegate.swift in Sources */,
				EB560BE72A9099870051E9E6 /* AdMobCell.swift in Sources */,
				218ACDFD2A752A0C00687EE6 /* House.swift in Sources */,
				216FA0C82A8BA7AF004D0279 /* NoticeListViewModel.swift in Sources */,
				21B627682A8383FE00081D5E /* SearchVC.swift in Sources */,
				218ACDFF2A752ABB00687EE6 /* Tabbar.swift in Sources */,
				2192EAA02A90A4BD006AB5B3 /* MyHouseVC.swift in Sources */,
				2192EA9F2A90A4BD006AB5B3 /* CheckVC2.swift in Sources */,
				215BDC662A889D7F007151A1 /* CheckList.swift in Sources */,
				218ACE0D2A763C9000687EE6 /* NetworkingManager.swift in Sources */,
				2143CE382A79051400A5DB36 /* VillaCell.swift in Sources */,
				216FA0B42A8BA672004D0279 /* NoticeCell.swift in Sources */,
				B386B08B2A8EAA8200E68A2D /* LoginVC.swift in Sources */,
				216FA0AC2A8BA641004D0279 /* AccountSettingCell.swift in Sources */,
				21B6276F2A83A95B00081D5E /* AnnotationView.swift in Sources */,
				216FA0A72A8BA5F1004D0279 /* NoticeList.swift in Sources */,
				2158BA572A9508160064AFC4 /* CalendarVC.swift in Sources */,
				21B6276C2A83844400081D5E /* ModalVC.swift in Sources */,
				216FA0AE2A8BA651004D0279 /* AppVersionCell.swift in Sources */,
				217C83ED2A76847600363ED2 /* HouseTVCell.swift in Sources */,
				216FA0C32A8BA739004D0279 /* WithdrawVC.swift in Sources */,
				2158BA532A949B510064AFC4 /* CustomSlider.swift in Sources */,
				218ACDE52A75262400687EE6 /* SceneDelegate.swift in Sources */,
				218111A52A9AECD7009A82C4 /* PopUpView.swift in Sources */,
				21F954152A9F78DD00F395B0 /* BookMarkCell.swift in Sources */,
				216FA0B62A8BA67C004D0279 /* NoticeListCell.swift in Sources */,
				218ACE0B2A763C0800687EE6 /* Extensions.swift in Sources */,
				216FA0B02A8BA65D004D0279 /* LisenseCell.swift in Sources */,
				216FA0A92A8BA5FE004D0279 /* SettingSection.swift in Sources */,
				216FA0BF2A8BA71A004D0279 /* NoticeListVC.swift in Sources */,
				216FA0C12A8BA726004D0279 /* SettingVC.swift in Sources */,
				21B627642A83834900081D5E /* Location.swift in Sources */,
				218ACE0F2A763CBC00687EE6 /* Constants.swift in Sources */,
				B3CEE3932AA111D9006A0D79 /* AuthViewModel.swift in Sources */,
				216FA0CA2A8BA7BA004D0279 /* SettingViewModel.swift in Sources */,
				218111A32A9AE938009A82C4 /* PopUpVC.swift in Sources */,
				218ACE112A763FA700687EE6 /* HouseViewModel.swift in Sources */,
				186335602A8A0D2900E283D5 /* CheckViewModel.swift in Sources */,
				217C83F12A76858F00363ED2 /* ApartCell.swift in Sources */,
				1863355A2A8A0D0B00E283D5 /* DetailVC.swift in Sources */,
			);
			runOnlyForDeploymentPostprocessing = 0;
		};
/* End PBXSourcesBuildPhase section */

/* Begin PBXVariantGroup section */
		218ACDED2A75262500687EE6 /* LaunchScreen.storyboard */ = {
			isa = PBXVariantGroup;
			children = (
				218ACDEE2A75262500687EE6 /* Base */,
				18731A542A9A3F2700BF62D6 /* ko */,
			);
			name = LaunchScreen.storyboard;
			sourceTree = "<group>";
		};
/* End PBXVariantGroup section */

/* Begin XCBuildConfiguration section */
		218ACDF12A75262500687EE6 /* Debug */ = {
			isa = XCBuildConfiguration;
			baseConfigurationReference = 217AD4812AA3233F0071D3B7 /* config.xcconfig */;
			buildSettings = {
				ALWAYS_SEARCH_USER_PATHS = NO;
				CLANG_ANALYZER_LOCALIZABILITY_NONLOCALIZED = YES;
				CLANG_ANALYZER_NONNULL = YES;
				CLANG_ANALYZER_NUMBER_OBJECT_CONVERSION = YES_AGGRESSIVE;
				CLANG_CXX_LANGUAGE_STANDARD = "gnu++20";
				CLANG_ENABLE_MODULES = YES;
				CLANG_ENABLE_OBJC_ARC = YES;
				CLANG_ENABLE_OBJC_WEAK = YES;
				CLANG_WARN_BLOCK_CAPTURE_AUTORELEASING = YES;
				CLANG_WARN_BOOL_CONVERSION = YES;
				CLANG_WARN_COMMA = YES;
				CLANG_WARN_CONSTANT_CONVERSION = YES;
				CLANG_WARN_DEPRECATED_OBJC_IMPLEMENTATIONS = YES;
				CLANG_WARN_DIRECT_OBJC_ISA_USAGE = YES_ERROR;
				CLANG_WARN_DOCUMENTATION_COMMENTS = YES;
				CLANG_WARN_EMPTY_BODY = YES;
				CLANG_WARN_ENUM_CONVERSION = YES;
				CLANG_WARN_INFINITE_RECURSION = YES;
				CLANG_WARN_INT_CONVERSION = YES;
				CLANG_WARN_NON_LITERAL_NULL_CONVERSION = YES;
				CLANG_WARN_OBJC_IMPLICIT_RETAIN_SELF = YES;
				CLANG_WARN_OBJC_LITERAL_CONVERSION = YES;
				CLANG_WARN_OBJC_ROOT_CLASS = YES_ERROR;
				CLANG_WARN_QUOTED_INCLUDE_IN_FRAMEWORK_HEADER = YES;
				CLANG_WARN_RANGE_LOOP_ANALYSIS = YES;
				CLANG_WARN_STRICT_PROTOTYPES = YES;
				CLANG_WARN_SUSPICIOUS_MOVE = YES;
				CLANG_WARN_UNGUARDED_AVAILABILITY = YES_AGGRESSIVE;
				CLANG_WARN_UNREACHABLE_CODE = YES;
				CLANG_WARN__DUPLICATE_METHOD_MATCH = YES;
				COPY_PHASE_STRIP = NO;
				DEBUG_INFORMATION_FORMAT = dwarf;
				ENABLE_STRICT_OBJC_MSGSEND = YES;
				ENABLE_TESTABILITY = YES;
				GCC_C_LANGUAGE_STANDARD = gnu11;
				GCC_DYNAMIC_NO_PIC = NO;
				GCC_NO_COMMON_BLOCKS = YES;
				GCC_OPTIMIZATION_LEVEL = 0;
				GCC_PREPROCESSOR_DEFINITIONS = (
					"DEBUG=1",
					"$(inherited)",
				);
				GCC_WARN_64_TO_32_BIT_CONVERSION = YES;
				GCC_WARN_ABOUT_RETURN_TYPE = YES_ERROR;
				GCC_WARN_UNDECLARED_SELECTOR = YES;
				GCC_WARN_UNINITIALIZED_AUTOS = YES_AGGRESSIVE;
				GCC_WARN_UNUSED_FUNCTION = YES;
				GCC_WARN_UNUSED_VARIABLE = YES;
				IPHONEOS_DEPLOYMENT_TARGET = 16.4;
				MTL_ENABLE_DEBUG_INFO = INCLUDE_SOURCE;
				MTL_FAST_MATH = YES;
				ONLY_ACTIVE_ARCH = YES;
				SDKROOT = iphoneos;
				SWIFT_ACTIVE_COMPILATION_CONDITIONS = DEBUG;
				SWIFT_OPTIMIZATION_LEVEL = "-Onone";
			};
			name = Debug;
		};
		218ACDF22A75262500687EE6 /* Release */ = {
			isa = XCBuildConfiguration;
			baseConfigurationReference = 217AD4812AA3233F0071D3B7 /* config.xcconfig */;
			buildSettings = {
				ALWAYS_SEARCH_USER_PATHS = NO;
				CLANG_ANALYZER_LOCALIZABILITY_NONLOCALIZED = YES;
				CLANG_ANALYZER_NONNULL = YES;
				CLANG_ANALYZER_NUMBER_OBJECT_CONVERSION = YES_AGGRESSIVE;
				CLANG_CXX_LANGUAGE_STANDARD = "gnu++20";
				CLANG_ENABLE_MODULES = YES;
				CLANG_ENABLE_OBJC_ARC = YES;
				CLANG_ENABLE_OBJC_WEAK = YES;
				CLANG_WARN_BLOCK_CAPTURE_AUTORELEASING = YES;
				CLANG_WARN_BOOL_CONVERSION = YES;
				CLANG_WARN_COMMA = YES;
				CLANG_WARN_CONSTANT_CONVERSION = YES;
				CLANG_WARN_DEPRECATED_OBJC_IMPLEMENTATIONS = YES;
				CLANG_WARN_DIRECT_OBJC_ISA_USAGE = YES_ERROR;
				CLANG_WARN_DOCUMENTATION_COMMENTS = YES;
				CLANG_WARN_EMPTY_BODY = YES;
				CLANG_WARN_ENUM_CONVERSION = YES;
				CLANG_WARN_INFINITE_RECURSION = YES;
				CLANG_WARN_INT_CONVERSION = YES;
				CLANG_WARN_NON_LITERAL_NULL_CONVERSION = YES;
				CLANG_WARN_OBJC_IMPLICIT_RETAIN_SELF = YES;
				CLANG_WARN_OBJC_LITERAL_CONVERSION = YES;
				CLANG_WARN_OBJC_ROOT_CLASS = YES_ERROR;
				CLANG_WARN_QUOTED_INCLUDE_IN_FRAMEWORK_HEADER = YES;
				CLANG_WARN_RANGE_LOOP_ANALYSIS = YES;
				CLANG_WARN_STRICT_PROTOTYPES = YES;
				CLANG_WARN_SUSPICIOUS_MOVE = YES;
				CLANG_WARN_UNGUARDED_AVAILABILITY = YES_AGGRESSIVE;
				CLANG_WARN_UNREACHABLE_CODE = YES;
				CLANG_WARN__DUPLICATE_METHOD_MATCH = YES;
				COPY_PHASE_STRIP = NO;
				DEBUG_INFORMATION_FORMAT = "dwarf-with-dsym";
				ENABLE_NS_ASSERTIONS = NO;
				ENABLE_STRICT_OBJC_MSGSEND = YES;
				GCC_C_LANGUAGE_STANDARD = gnu11;
				GCC_NO_COMMON_BLOCKS = YES;
				GCC_WARN_64_TO_32_BIT_CONVERSION = YES;
				GCC_WARN_ABOUT_RETURN_TYPE = YES_ERROR;
				GCC_WARN_UNDECLARED_SELECTOR = YES;
				GCC_WARN_UNINITIALIZED_AUTOS = YES_AGGRESSIVE;
				GCC_WARN_UNUSED_FUNCTION = YES;
				GCC_WARN_UNUSED_VARIABLE = YES;
				IPHONEOS_DEPLOYMENT_TARGET = 16.4;
				MTL_ENABLE_DEBUG_INFO = NO;
				MTL_FAST_MATH = YES;
				SDKROOT = iphoneos;
				SWIFT_COMPILATION_MODE = wholemodule;
				SWIFT_OPTIMIZATION_LEVEL = "-O";
				VALIDATE_PRODUCT = YES;
			};
			name = Release;
		};
		218ACDF42A75262500687EE6 /* Debug */ = {
			isa = XCBuildConfiguration;
			baseConfigurationReference = 6BB76A4B9218DD95A0E4D0C6 /* Pods-DRBS-HomeComing.debug.xcconfig */;
			buildSettings = {
				ASSETCATALOG_COMPILER_APPICON_NAME = AppIcon;
				ASSETCATALOG_COMPILER_GLOBAL_ACCENT_COLOR_NAME = AccentColor;
				CLANG_ENABLE_MODULES = NO;
				CLANG_WARN_QUOTED_INCLUDE_IN_FRAMEWORK_HEADER = YES;
				CODE_SIGN_STYLE = Automatic;
				CURRENT_PROJECT_VERSION = 1;
				DEVELOPMENT_TEAM = 5L4BQJJ3H8;
				EXCLUDED_ARCHS = "";
				FRAMEWORK_SEARCH_PATHS = "$(inherited)";
				GENERATE_INFOPLIST_FILE = YES;
				INFOPLIST_FILE = "DRBS-HomeComing/Info.plist";
				INFOPLIST_KEY_NSLocationAlwaysAndWhenInUseUsageDescription = "위치 권한 설정이 필요합니다.";
				INFOPLIST_KEY_NSLocationAlwaysUsageDescription = "This application requires location services to work";
				INFOPLIST_KEY_NSLocationWhenInUseUsageDescription = "위치 권한 설정이 필요합니다.";
				INFOPLIST_KEY_NSPhotoLibraryUsageDescription = "앨범 접근권한";
				INFOPLIST_KEY_UIApplicationSupportsIndirectInputEvents = YES;
				INFOPLIST_KEY_UILaunchStoryboardName = LaunchScreen;
				INFOPLIST_KEY_UIStatusBarStyle = "";
				INFOPLIST_KEY_UISupportedInterfaceOrientations = "UIInterfaceOrientationLandscapeLeft UIInterfaceOrientationLandscapeRight UIInterfaceOrientationPortrait";
				INFOPLIST_KEY_UISupportedInterfaceOrientations_iPad = UIInterfaceOrientationPortrait;
				IPHONEOS_DEPLOYMENT_TARGET = 15.0;
				LD_RUNPATH_SEARCH_PATHS = (
					"$(inherited)",
					"@executable_path/Frameworks",
				);
				MARKETING_VERSION = 1.0;
				PRODUCT_BUNDLE_IDENTIFIER = "com.eun-prize.DRBS-HomeComing";
				PRODUCT_NAME = "$(TARGET_NAME)";
				SWIFT_EMIT_LOC_STRINGS = YES;
				SWIFT_OBJC_BRIDGING_HEADER = "";
				SWIFT_VERSION = 5.0;
				TARGETED_DEVICE_FAMILY = "1,2";
			};
			name = Debug;
		};
		218ACDF52A75262500687EE6 /* Release */ = {
			isa = XCBuildConfiguration;
			baseConfigurationReference = F4B999EA08173C79FED36B01 /* Pods-DRBS-HomeComing.release.xcconfig */;
			buildSettings = {
				ASSETCATALOG_COMPILER_APPICON_NAME = AppIcon;
				ASSETCATALOG_COMPILER_GLOBAL_ACCENT_COLOR_NAME = AccentColor;
				CLANG_ENABLE_MODULES = NO;
				CLANG_WARN_QUOTED_INCLUDE_IN_FRAMEWORK_HEADER = YES;
				CODE_SIGN_STYLE = Automatic;
				CURRENT_PROJECT_VERSION = 1;
				DEVELOPMENT_TEAM = 5L4BQJJ3H8;
				EXCLUDED_ARCHS = "";
				FRAMEWORK_SEARCH_PATHS = "$(inherited)";
				GENERATE_INFOPLIST_FILE = YES;
				INFOPLIST_FILE = "DRBS-HomeComing/Info.plist";
				INFOPLIST_KEY_NSLocationAlwaysAndWhenInUseUsageDescription = "위치 권한 설정이 필요합니다.";
				INFOPLIST_KEY_NSLocationAlwaysUsageDescription = "This application requires location services to work";
				INFOPLIST_KEY_NSLocationWhenInUseUsageDescription = "위치 권한 설정이 필요합니다.";
				INFOPLIST_KEY_NSPhotoLibraryUsageDescription = "앨범 접근권한";
				INFOPLIST_KEY_UIApplicationSupportsIndirectInputEvents = YES;
				INFOPLIST_KEY_UILaunchStoryboardName = LaunchScreen;
				INFOPLIST_KEY_UIStatusBarStyle = "";
				INFOPLIST_KEY_UISupportedInterfaceOrientations = "UIInterfaceOrientationLandscapeLeft UIInterfaceOrientationLandscapeRight UIInterfaceOrientationPortrait";
				INFOPLIST_KEY_UISupportedInterfaceOrientations_iPad = UIInterfaceOrientationPortrait;
				IPHONEOS_DEPLOYMENT_TARGET = 15.0;
				LD_RUNPATH_SEARCH_PATHS = (
					"$(inherited)",
					"@executable_path/Frameworks",
				);
				MARKETING_VERSION = 1.0;
				PRODUCT_BUNDLE_IDENTIFIER = "com.eun-prize.DRBS-HomeComing";
				PRODUCT_NAME = "$(TARGET_NAME)";
				SWIFT_EMIT_LOC_STRINGS = YES;
				SWIFT_OBJC_BRIDGING_HEADER = "";
				SWIFT_VERSION = 5.0;
				TARGETED_DEVICE_FAMILY = "1,2";
			};
			name = Release;
		};
/* End XCBuildConfiguration section */

/* Begin XCConfigurationList section */
		218ACDDA2A75262400687EE6 /* Build configuration list for PBXProject "DRBS-HomeComing" */ = {
			isa = XCConfigurationList;
			buildConfigurations = (
				218ACDF12A75262500687EE6 /* Debug */,
				218ACDF22A75262500687EE6 /* Release */,
			);
			defaultConfigurationIsVisible = 0;
			defaultConfigurationName = Release;
		};
		218ACDF32A75262500687EE6 /* Build configuration list for PBXNativeTarget "DRBS-HomeComing" */ = {
			isa = XCConfigurationList;
			buildConfigurations = (
				218ACDF42A75262500687EE6 /* Debug */,
				218ACDF52A75262500687EE6 /* Release */,
			);
			defaultConfigurationIsVisible = 0;
			defaultConfigurationName = Release;
		};
/* End XCConfigurationList section */
	};
	rootObject = 218ACDD72A75262400687EE6 /* Project object */;
}
